// !$*UTF8*$!
{
	archiveVersion = 1;
	classes = {
	};
	objectVersion = 46;
	objects = {

/* Begin PBXBuildFile section */
		A73EFDAE1C9BC4070001AE22 /* ComposeCommentView.m in Sources */ = {isa = PBXBuildFile; fileRef = A73EFDAD1C9BC4070001AE22 /* ComposeCommentView.m */; };
		A73EFDBB1C9DC0320001AE22 /* camera.png in Resources */ = {isa = PBXBuildFile; fileRef = A73EFDAF1C9DC0320001AE22 /* camera.png */; };
		A73EFDBC1C9DC0320001AE22 /* camera@2x.png in Resources */ = {isa = PBXBuildFile; fileRef = A73EFDB01C9DC0320001AE22 /* camera@2x.png */; };
		A73EFDBD1C9DC0320001AE22 /* camera@3x.png in Resources */ = {isa = PBXBuildFile; fileRef = A73EFDB11C9DC0320001AE22 /* camera@3x.png */; };
		A73EFDBE1C9DC0320001AE22 /* road.png in Resources */ = {isa = PBXBuildFile; fileRef = A73EFDB21C9DC0320001AE22 /* road.png */; };
		A73EFDBF1C9DC0320001AE22 /* road@2x.png in Resources */ = {isa = PBXBuildFile; fileRef = A73EFDB31C9DC0320001AE22 /* road@2x.png */; };
		A73EFDC01C9DC0320001AE22 /* road@3x.png in Resources */ = {isa = PBXBuildFile; fileRef = A73EFDB41C9DC0320001AE22 /* road@3x.png */; };
		A73EFDC11C9DC0320001AE22 /* rotate.png in Resources */ = {isa = PBXBuildFile; fileRef = A73EFDB51C9DC0320001AE22 /* rotate.png */; };
		A73EFDC21C9DC0320001AE22 /* rotate@2x.png in Resources */ = {isa = PBXBuildFile; fileRef = A73EFDB61C9DC0320001AE22 /* rotate@2x.png */; };
		A73EFDC31C9DC0320001AE22 /* rotate@3x.png in Resources */ = {isa = PBXBuildFile; fileRef = A73EFDB71C9DC0320001AE22 /* rotate@3x.png */; };
		A73EFDC41C9DC0320001AE22 /* x.png in Resources */ = {isa = PBXBuildFile; fileRef = A73EFDB81C9DC0320001AE22 /* x.png */; };
		A73EFDC51C9DC0320001AE22 /* x@2x.png in Resources */ = {isa = PBXBuildFile; fileRef = A73EFDB91C9DC0320001AE22 /* x@2x.png */; };
		A73EFDC61C9DC0320001AE22 /* x@3x.png in Resources */ = {isa = PBXBuildFile; fileRef = A73EFDBA1C9DC0320001AE22 /* x@3x.png */; };
		A73EFDC91C9DC0D00001AE22 /* CameraToolbar.m in Sources */ = {isa = PBXBuildFile; fileRef = A73EFDC81C9DC0D00001AE22 /* CameraToolbar.m */; };
		A73EFDCC1C9DC2440001AE22 /* CameraViewController.m in Sources */ = {isa = PBXBuildFile; fileRef = A73EFDCB1C9DC2440001AE22 /* CameraViewController.m */; };
		A73EFDCF1C9DCAB10001AE22 /* UIImage+ImageUtilities.m in Sources */ = {isa = PBXBuildFile; fileRef = A73EFDCE1C9DCAB10001AE22 /* UIImage+ImageUtilities.m */; };
		A78DF7E91C727C58006FFCC3 /* main.m in Sources */ = {isa = PBXBuildFile; fileRef = A78DF7E81C727C58006FFCC3 /* main.m */; };
		A78DF7EC1C727C58006FFCC3 /* AppDelegate.m in Sources */ = {isa = PBXBuildFile; fileRef = A78DF7EB1C727C58006FFCC3 /* AppDelegate.m */; };
		A78DF7F41C727C58006FFCC3 /* Assets.xcassets in Resources */ = {isa = PBXBuildFile; fileRef = A78DF7F31C727C58006FFCC3 /* Assets.xcassets */; };
		A78DF7F71C727C58006FFCC3 /* LaunchScreen.storyboard in Resources */ = {isa = PBXBuildFile; fileRef = A78DF7F51C727C58006FFCC3 /* LaunchScreen.storyboard */; };
		A78DF8021C727C58006FFCC3 /* BlocstagramTests.m in Sources */ = {isa = PBXBuildFile; fileRef = A78DF8011C727C58006FFCC3 /* BlocstagramTests.m */; };
		A78DF80D1C727C58006FFCC3 /* BlocstagramUITests.m in Sources */ = {isa = PBXBuildFile; fileRef = A78DF80C1C727C58006FFCC3 /* BlocstagramUITests.m */; };
		A78DF8261C7280E7006FFCC3 /* 1.jpg in Resources */ = {isa = PBXBuildFile; fileRef = A78DF81C1C7280E7006FFCC3 /* 1.jpg */; };
		A78DF8271C7280E7006FFCC3 /* 2.jpg in Resources */ = {isa = PBXBuildFile; fileRef = A78DF81D1C7280E7006FFCC3 /* 2.jpg */; };
		A78DF8281C7280E7006FFCC3 /* 3.jpg in Resources */ = {isa = PBXBuildFile; fileRef = A78DF81E1C7280E7006FFCC3 /* 3.jpg */; };
		A78DF8291C7280E7006FFCC3 /* 4.jpg in Resources */ = {isa = PBXBuildFile; fileRef = A78DF81F1C7280E7006FFCC3 /* 4.jpg */; };
		A78DF82A1C7280E7006FFCC3 /* 5.jpg in Resources */ = {isa = PBXBuildFile; fileRef = A78DF8201C7280E7006FFCC3 /* 5.jpg */; };
		A78DF82B1C7280E7006FFCC3 /* 6.jpg in Resources */ = {isa = PBXBuildFile; fileRef = A78DF8211C7280E7006FFCC3 /* 6.jpg */; };
		A78DF82C1C7280E7006FFCC3 /* 7.jpg in Resources */ = {isa = PBXBuildFile; fileRef = A78DF8221C7280E7006FFCC3 /* 7.jpg */; };
		A78DF82D1C7280E7006FFCC3 /* 8.jpg in Resources */ = {isa = PBXBuildFile; fileRef = A78DF8231C7280E7006FFCC3 /* 8.jpg */; };
		A78DF82E1C7280E7006FFCC3 /* 9.jpg in Resources */ = {isa = PBXBuildFile; fileRef = A78DF8241C7280E7006FFCC3 /* 9.jpg */; };
		A78DF82F1C7280E7006FFCC3 /* 10.jpg in Resources */ = {isa = PBXBuildFile; fileRef = A78DF8251C7280E7006FFCC3 /* 10.jpg */; };
		A78DF8321C7281E4006FFCC3 /* ImagesTableViewController.m in Sources */ = {isa = PBXBuildFile; fileRef = A78DF8311C7281E4006FFCC3 /* ImagesTableViewController.m */; };
		A78DF8351C73BCEB006FFCC3 /* User.m in Sources */ = {isa = PBXBuildFile; fileRef = A78DF8341C73BCEB006FFCC3 /* User.m */; };
		A78DF8381C73BD7D006FFCC3 /* Media.m in Sources */ = {isa = PBXBuildFile; fileRef = A78DF8371C73BD7D006FFCC3 /* Media.m */; };
		A78DF83B1C73BEA9006FFCC3 /* Comment.m in Sources */ = {isa = PBXBuildFile; fileRef = A78DF83A1C73BEA9006FFCC3 /* Comment.m */; };
		A78DF83E1C73BF26006FFCC3 /* DataSource.m in Sources */ = {isa = PBXBuildFile; fileRef = A78DF83D1C73BF26006FFCC3 /* DataSource.m */; };
		A79D6DAD1C74EDAE00A1B078 /* MediaTableViewCell.m in Sources */ = {isa = PBXBuildFile; fileRef = A79D6DAC1C74EDAE00A1B078 /* MediaTableViewCell.m */; };
		A7B1A0461C97267A00FE2115 /* Images.xcassets in Resources */ = {isa = PBXBuildFile; fileRef = A7B1A0451C97267A00FE2115 /* Images.xcassets */; };
		A7B1A0491C97272700FE2115 /* CircleSpinnerView.m in Sources */ = {isa = PBXBuildFile; fileRef = A7B1A0481C97272700FE2115 /* CircleSpinnerView.m */; };
		A7B1A04C1C9728F000FE2115 /* LikeButton.m in Sources */ = {isa = PBXBuildFile; fileRef = A7B1A04B1C9728F000FE2115 /* LikeButton.m */; };
		A7CB75191C8891D8003F1716 /* MediaFullScreenViewController.m in Sources */ = {isa = PBXBuildFile; fileRef = A7CB75181C8891D8003F1716 /* MediaFullScreenViewController.m */; };
		A7DD47411C7DF3F2000C4955 /* LoginViewController.m in Sources */ = {isa = PBXBuildFile; fileRef = A7DD47401C7DF3F2000C4955 /* LoginViewController.m */; };
		D382147981DBE420C6370E42 /* libPods.a in Frameworks */ = {isa = PBXBuildFile; fileRef = 864B33AEDFB7CA750FAF3296 /* libPods.a */; };
/* End PBXBuildFile section */

/* Begin PBXContainerItemProxy section */
		A78DF7FE1C727C58006FFCC3 /* PBXContainerItemProxy */ = {
			isa = PBXContainerItemProxy;
			containerPortal = A78DF7DC1C727C58006FFCC3 /* Project object */;
			proxyType = 1;
			remoteGlobalIDString = A78DF7E31C727C58006FFCC3;
			remoteInfo = Blocstagram;
		};
		A78DF8091C727C58006FFCC3 /* PBXContainerItemProxy */ = {
			isa = PBXContainerItemProxy;
			containerPortal = A78DF7DC1C727C58006FFCC3 /* Project object */;
			proxyType = 1;
			remoteGlobalIDString = A78DF7E31C727C58006FFCC3;
			remoteInfo = Blocstagram;
		};
/* End PBXContainerItemProxy section */

/* Begin PBXFileReference section */
		864B33AEDFB7CA750FAF3296 /* libPods.a */ = {isa = PBXFileReference; explicitFileType = archive.ar; includeInIndex = 0; path = libPods.a; sourceTree = BUILT_PRODUCTS_DIR; };
		A73EFDAC1C9BC4070001AE22 /* ComposeCommentView.h */ = {isa = PBXFileReference; fileEncoding = 4; lastKnownFileType = sourcecode.c.h; path = ComposeCommentView.h; sourceTree = "<group>"; };
		A73EFDAD1C9BC4070001AE22 /* ComposeCommentView.m */ = {isa = PBXFileReference; fileEncoding = 4; lastKnownFileType = sourcecode.c.objc; path = ComposeCommentView.m; sourceTree = "<group>"; };
		A73EFDAF1C9DC0320001AE22 /* camera.png */ = {isa = PBXFileReference; lastKnownFileType = image.png; path = camera.png; sourceTree = "<group>"; };
		A73EFDB01C9DC0320001AE22 /* camera@2x.png */ = {isa = PBXFileReference; lastKnownFileType = image.png; path = "camera@2x.png"; sourceTree = "<group>"; };
		A73EFDB11C9DC0320001AE22 /* camera@3x.png */ = {isa = PBXFileReference; lastKnownFileType = image.png; path = "camera@3x.png"; sourceTree = "<group>"; };
		A73EFDB21C9DC0320001AE22 /* road.png */ = {isa = PBXFileReference; lastKnownFileType = image.png; path = road.png; sourceTree = "<group>"; };
		A73EFDB31C9DC0320001AE22 /* road@2x.png */ = {isa = PBXFileReference; lastKnownFileType = image.png; path = "road@2x.png"; sourceTree = "<group>"; };
		A73EFDB41C9DC0320001AE22 /* road@3x.png */ = {isa = PBXFileReference; lastKnownFileType = image.png; path = "road@3x.png"; sourceTree = "<group>"; };
		A73EFDB51C9DC0320001AE22 /* rotate.png */ = {isa = PBXFileReference; lastKnownFileType = image.png; path = rotate.png; sourceTree = "<group>"; };
		A73EFDB61C9DC0320001AE22 /* rotate@2x.png */ = {isa = PBXFileReference; lastKnownFileType = image.png; path = "rotate@2x.png"; sourceTree = "<group>"; };
		A73EFDB71C9DC0320001AE22 /* rotate@3x.png */ = {isa = PBXFileReference; lastKnownFileType = image.png; path = "rotate@3x.png"; sourceTree = "<group>"; };
		A73EFDB81C9DC0320001AE22 /* x.png */ = {isa = PBXFileReference; lastKnownFileType = image.png; path = x.png; sourceTree = "<group>"; };
		A73EFDB91C9DC0320001AE22 /* x@2x.png */ = {isa = PBXFileReference; lastKnownFileType = image.png; path = "x@2x.png"; sourceTree = "<group>"; };
		A73EFDBA1C9DC0320001AE22 /* x@3x.png */ = {isa = PBXFileReference; lastKnownFileType = image.png; path = "x@3x.png"; sourceTree = "<group>"; };
		A73EFDC71C9DC0D00001AE22 /* CameraToolbar.h */ = {isa = PBXFileReference; fileEncoding = 4; lastKnownFileType = sourcecode.c.h; path = CameraToolbar.h; sourceTree = "<group>"; };
		A73EFDC81C9DC0D00001AE22 /* CameraToolbar.m */ = {isa = PBXFileReference; fileEncoding = 4; lastKnownFileType = sourcecode.c.objc; path = CameraToolbar.m; sourceTree = "<group>"; };
		A73EFDCA1C9DC2440001AE22 /* CameraViewController.h */ = {isa = PBXFileReference; fileEncoding = 4; lastKnownFileType = sourcecode.c.h; path = CameraViewController.h; sourceTree = "<group>"; };
		A73EFDCB1C9DC2440001AE22 /* CameraViewController.m */ = {isa = PBXFileReference; fileEncoding = 4; lastKnownFileType = sourcecode.c.objc; path = CameraViewController.m; sourceTree = "<group>"; };
		A73EFDCD1C9DCAB10001AE22 /* UIImage+ImageUtilities.h */ = {isa = PBXFileReference; fileEncoding = 4; lastKnownFileType = sourcecode.c.h; path = "UIImage+ImageUtilities.h"; sourceTree = "<group>"; };
		A73EFDCE1C9DCAB10001AE22 /* UIImage+ImageUtilities.m */ = {isa = PBXFileReference; fileEncoding = 4; lastKnownFileType = sourcecode.c.objc; path = "UIImage+ImageUtilities.m"; sourceTree = "<group>"; };
		A78DF7E41C727C58006FFCC3 /* Blocstagram.app */ = {isa = PBXFileReference; explicitFileType = wrapper.application; includeInIndex = 0; path = Blocstagram.app; sourceTree = BUILT_PRODUCTS_DIR; };
		A78DF7E81C727C58006FFCC3 /* main.m */ = {isa = PBXFileReference; lastKnownFileType = sourcecode.c.objc; path = main.m; sourceTree = "<group>"; };
		A78DF7EA1C727C58006FFCC3 /* AppDelegate.h */ = {isa = PBXFileReference; lastKnownFileType = sourcecode.c.h; path = AppDelegate.h; sourceTree = "<group>"; };
		A78DF7EB1C727C58006FFCC3 /* AppDelegate.m */ = {isa = PBXFileReference; lastKnownFileType = sourcecode.c.objc; path = AppDelegate.m; sourceTree = "<group>"; };
		A78DF7F31C727C58006FFCC3 /* Assets.xcassets */ = {isa = PBXFileReference; lastKnownFileType = folder.assetcatalog; path = Assets.xcassets; sourceTree = "<group>"; };
		A78DF7F61C727C58006FFCC3 /* Base */ = {isa = PBXFileReference; lastKnownFileType = file.storyboard; name = Base; path = Base.lproj/LaunchScreen.storyboard; sourceTree = "<group>"; };
		A78DF7F81C727C58006FFCC3 /* Info.plist */ = {isa = PBXFileReference; lastKnownFileType = text.plist.xml; path = Info.plist; sourceTree = "<group>"; };
		A78DF7FD1C727C58006FFCC3 /* BlocstagramTests.xctest */ = {isa = PBXFileReference; explicitFileType = wrapper.cfbundle; includeInIndex = 0; path = BlocstagramTests.xctest; sourceTree = BUILT_PRODUCTS_DIR; };
		A78DF8011C727C58006FFCC3 /* BlocstagramTests.m */ = {isa = PBXFileReference; lastKnownFileType = sourcecode.c.objc; path = BlocstagramTests.m; sourceTree = "<group>"; };
		A78DF8031C727C58006FFCC3 /* Info.plist */ = {isa = PBXFileReference; lastKnownFileType = text.plist.xml; path = Info.plist; sourceTree = "<group>"; };
		A78DF8081C727C58006FFCC3 /* BlocstagramUITests.xctest */ = {isa = PBXFileReference; explicitFileType = wrapper.cfbundle; includeInIndex = 0; path = BlocstagramUITests.xctest; sourceTree = BUILT_PRODUCTS_DIR; };
		A78DF80C1C727C58006FFCC3 /* BlocstagramUITests.m */ = {isa = PBXFileReference; lastKnownFileType = sourcecode.c.objc; path = BlocstagramUITests.m; sourceTree = "<group>"; };
		A78DF80E1C727C58006FFCC3 /* Info.plist */ = {isa = PBXFileReference; lastKnownFileType = text.plist.xml; path = Info.plist; sourceTree = "<group>"; };
		A78DF81C1C7280E7006FFCC3 /* 1.jpg */ = {isa = PBXFileReference; lastKnownFileType = image.jpeg; path = 1.jpg; sourceTree = "<group>"; };
		A78DF81D1C7280E7006FFCC3 /* 2.jpg */ = {isa = PBXFileReference; lastKnownFileType = image.jpeg; path = 2.jpg; sourceTree = "<group>"; };
		A78DF81E1C7280E7006FFCC3 /* 3.jpg */ = {isa = PBXFileReference; lastKnownFileType = image.jpeg; path = 3.jpg; sourceTree = "<group>"; };
		A78DF81F1C7280E7006FFCC3 /* 4.jpg */ = {isa = PBXFileReference; lastKnownFileType = image.jpeg; path = 4.jpg; sourceTree = "<group>"; };
		A78DF8201C7280E7006FFCC3 /* 5.jpg */ = {isa = PBXFileReference; lastKnownFileType = image.jpeg; path = 5.jpg; sourceTree = "<group>"; };
		A78DF8211C7280E7006FFCC3 /* 6.jpg */ = {isa = PBXFileReference; lastKnownFileType = image.jpeg; path = 6.jpg; sourceTree = "<group>"; };
		A78DF8221C7280E7006FFCC3 /* 7.jpg */ = {isa = PBXFileReference; lastKnownFileType = image.jpeg; path = 7.jpg; sourceTree = "<group>"; };
		A78DF8231C7280E7006FFCC3 /* 8.jpg */ = {isa = PBXFileReference; lastKnownFileType = image.jpeg; path = 8.jpg; sourceTree = "<group>"; };
		A78DF8241C7280E7006FFCC3 /* 9.jpg */ = {isa = PBXFileReference; lastKnownFileType = image.jpeg; path = 9.jpg; sourceTree = "<group>"; };
		A78DF8251C7280E7006FFCC3 /* 10.jpg */ = {isa = PBXFileReference; lastKnownFileType = image.jpeg; path = 10.jpg; sourceTree = "<group>"; };
		A78DF8301C7281E4006FFCC3 /* ImagesTableViewController.h */ = {isa = PBXFileReference; fileEncoding = 4; lastKnownFileType = sourcecode.c.h; path = ImagesTableViewController.h; sourceTree = "<group>"; };
		A78DF8311C7281E4006FFCC3 /* ImagesTableViewController.m */ = {isa = PBXFileReference; fileEncoding = 4; lastKnownFileType = sourcecode.c.objc; path = ImagesTableViewController.m; sourceTree = "<group>"; };
		A78DF8331C73BCEB006FFCC3 /* User.h */ = {isa = PBXFileReference; fileEncoding = 4; lastKnownFileType = sourcecode.c.h; name = User.h; path = ../User.h; sourceTree = "<group>"; };
		A78DF8341C73BCEB006FFCC3 /* User.m */ = {isa = PBXFileReference; fileEncoding = 4; lastKnownFileType = sourcecode.c.objc; name = User.m; path = ../User.m; sourceTree = "<group>"; };
		A78DF8361C73BD7D006FFCC3 /* Media.h */ = {isa = PBXFileReference; fileEncoding = 4; lastKnownFileType = sourcecode.c.h; path = Media.h; sourceTree = "<group>"; };
		A78DF8371C73BD7D006FFCC3 /* Media.m */ = {isa = PBXFileReference; fileEncoding = 4; lastKnownFileType = sourcecode.c.objc; path = Media.m; sourceTree = "<group>"; };
		A78DF8391C73BEA9006FFCC3 /* Comment.h */ = {isa = PBXFileReference; fileEncoding = 4; lastKnownFileType = sourcecode.c.h; path = Comment.h; sourceTree = "<group>"; };
		A78DF83A1C73BEA9006FFCC3 /* Comment.m */ = {isa = PBXFileReference; fileEncoding = 4; lastKnownFileType = sourcecode.c.objc; path = Comment.m; sourceTree = "<group>"; };
		A78DF83C1C73BF26006FFCC3 /* DataSource.h */ = {isa = PBXFileReference; fileEncoding = 4; lastKnownFileType = sourcecode.c.h; path = DataSource.h; sourceTree = "<group>"; };
		A78DF83D1C73BF26006FFCC3 /* DataSource.m */ = {isa = PBXFileReference; fileEncoding = 4; lastKnownFileType = sourcecode.c.objc; path = DataSource.m; sourceTree = "<group>"; };
		A79D6DAB1C74EDAE00A1B078 /* MediaTableViewCell.h */ = {isa = PBXFileReference; fileEncoding = 4; lastKnownFileType = sourcecode.c.h; name = MediaTableViewCell.h; path = ../MediaTableViewCell.h; sourceTree = "<group>"; };
		A79D6DAC1C74EDAE00A1B078 /* MediaTableViewCell.m */ = {isa = PBXFileReference; fileEncoding = 4; lastKnownFileType = sourcecode.c.objc; name = MediaTableViewCell.m; path = ../MediaTableViewCell.m; sourceTree = "<group>"; };
		A7B1A0451C97267A00FE2115 /* Images.xcassets */ = {isa = PBXFileReference; lastKnownFileType = folder.assetcatalog; path = Images.xcassets; sourceTree = "<group>"; };
		A7B1A0471C97272700FE2115 /* CircleSpinnerView.h */ = {isa = PBXFileReference; fileEncoding = 4; lastKnownFileType = sourcecode.c.h; path = CircleSpinnerView.h; sourceTree = "<group>"; };
		A7B1A0481C97272700FE2115 /* CircleSpinnerView.m */ = {isa = PBXFileReference; fileEncoding = 4; lastKnownFileType = sourcecode.c.objc; path = CircleSpinnerView.m; sourceTree = "<group>"; };
		A7B1A04A1C9728F000FE2115 /* LikeButton.h */ = {isa = PBXFileReference; fileEncoding = 4; lastKnownFileType = sourcecode.c.h; path = LikeButton.h; sourceTree = "<group>"; };
		A7B1A04B1C9728F000FE2115 /* LikeButton.m */ = {isa = PBXFileReference; fileEncoding = 4; lastKnownFileType = sourcecode.c.objc; path = LikeButton.m; sourceTree = "<group>"; };
		A7CB75171C8891D8003F1716 /* MediaFullScreenViewController.h */ = {isa = PBXFileReference; fileEncoding = 4; lastKnownFileType = sourcecode.c.h; path = MediaFullScreenViewController.h; sourceTree = "<group>"; };
		A7CB75181C8891D8003F1716 /* MediaFullScreenViewController.m */ = {isa = PBXFileReference; fileEncoding = 4; lastKnownFileType = sourcecode.c.objc; path = MediaFullScreenViewController.m; sourceTree = "<group>"; };
		A7DD473F1C7DF3F2000C4955 /* LoginViewController.h */ = {isa = PBXFileReference; fileEncoding = 4; lastKnownFileType = sourcecode.c.h; path = LoginViewController.h; sourceTree = "<group>"; };
		A7DD47401C7DF3F2000C4955 /* LoginViewController.m */ = {isa = PBXFileReference; fileEncoding = 4; lastKnownFileType = sourcecode.c.objc; path = LoginViewController.m; sourceTree = "<group>"; };
		CC472C17889E0EE6BC6AD7F1 /* Pods.debug.xcconfig */ = {isa = PBXFileReference; includeInIndex = 1; lastKnownFileType = text.xcconfig; name = Pods.debug.xcconfig; path = "Pods/Target Support Files/Pods/Pods.debug.xcconfig"; sourceTree = "<group>"; };
		E056CCCC731D5A9CBB85DED0 /* Pods.release.xcconfig */ = {isa = PBXFileReference; includeInIndex = 1; lastKnownFileType = text.xcconfig; name = Pods.release.xcconfig; path = "Pods/Target Support Files/Pods/Pods.release.xcconfig"; sourceTree = "<group>"; };
/* End PBXFileReference section */

/* Begin PBXFrameworksBuildPhase section */
		A78DF7E11C727C58006FFCC3 /* Frameworks */ = {
			isa = PBXFrameworksBuildPhase;
			buildActionMask = 2147483647;
			files = (
				D382147981DBE420C6370E42 /* libPods.a in Frameworks */,
			);
			runOnlyForDeploymentPostprocessing = 0;
		};
		A78DF7FA1C727C58006FFCC3 /* Frameworks */ = {
			isa = PBXFrameworksBuildPhase;
			buildActionMask = 2147483647;
			files = (
			);
			runOnlyForDeploymentPostprocessing = 0;
		};
		A78DF8051C727C58006FFCC3 /* Frameworks */ = {
			isa = PBXFrameworksBuildPhase;
			buildActionMask = 2147483647;
			files = (
			);
			runOnlyForDeploymentPostprocessing = 0;
		};
/* End PBXFrameworksBuildPhase section */

/* Begin PBXGroup section */
		13348AC48002D1FF627FBEA3 /* Pods */ = {
			isa = PBXGroup;
			children = (
				CC472C17889E0EE6BC6AD7F1 /* Pods.debug.xcconfig */,
				E056CCCC731D5A9CBB85DED0 /* Pods.release.xcconfig */,
			);
			name = Pods;
			sourceTree = "<group>";
		};
		A78DF7DB1C727C58006FFCC3 = {
			isa = PBXGroup;
			children = (
				A78DF7E61C727C58006FFCC3 /* Blocstagram */,
				A78DF8001C727C58006FFCC3 /* BlocstagramTests */,
				A78DF80B1C727C58006FFCC3 /* BlocstagramUITests */,
				A78DF7E51C727C58006FFCC3 /* Products */,
				13348AC48002D1FF627FBEA3 /* Pods */,
				E60A0D1DAB0836BADDB13F72 /* Frameworks */,
			);
			sourceTree = "<group>";
		};
		A78DF7E51C727C58006FFCC3 /* Products */ = {
			isa = PBXGroup;
			children = (
				A78DF7E41C727C58006FFCC3 /* Blocstagram.app */,
				A78DF7FD1C727C58006FFCC3 /* BlocstagramTests.xctest */,
				A78DF8081C727C58006FFCC3 /* BlocstagramUITests.xctest */,
			);
			name = Products;
			sourceTree = "<group>";
		};
		A78DF7E61C727C58006FFCC3 /* Blocstagram */ = {
			isa = PBXGroup;
			children = (
				A78DF7EA1C727C58006FFCC3 /* AppDelegate.h */,
				A78DF7EB1C727C58006FFCC3 /* AppDelegate.m */,
				A78DF8301C7281E4006FFCC3 /* ImagesTableViewController.h */,
				A78DF8311C7281E4006FFCC3 /* ImagesTableViewController.m */,
				A7CB75171C8891D8003F1716 /* MediaFullScreenViewController.h */,
				A7CB75181C8891D8003F1716 /* MediaFullScreenViewController.m */,
				A73EFDCA1C9DC2440001AE22 /* CameraViewController.h */,
				A73EFDCB1C9DC2440001AE22 /* CameraViewController.m */,
				A73EFDCD1C9DCAB10001AE22 /* UIImage+ImageUtilities.h */,
				A73EFDCE1C9DCAB10001AE22 /* UIImage+ImageUtilities.m */,
				A78DF8331C73BCEB006FFCC3 /* User.h */,
				A78DF8341C73BCEB006FFCC3 /* User.m */,
				A78DF8361C73BD7D006FFCC3 /* Media.h */,
				A78DF8371C73BD7D006FFCC3 /* Media.m */,
				A78DF8391C73BEA9006FFCC3 /* Comment.h */,
				A78DF83A1C73BEA9006FFCC3 /* Comment.m */,
				A7DD473F1C7DF3F2000C4955 /* LoginViewController.h */,
				A7DD47401C7DF3F2000C4955 /* LoginViewController.m */,
				A78DF83C1C73BF26006FFCC3 /* DataSource.h */,
				A78DF83D1C73BF26006FFCC3 /* DataSource.m */,
				A79D6DAB1C74EDAE00A1B078 /* MediaTableViewCell.h */,
				A79D6DAC1C74EDAE00A1B078 /* MediaTableViewCell.m */,
				A73EFDC71C9DC0D00001AE22 /* CameraToolbar.h */,
				A73EFDC81C9DC0D00001AE22 /* CameraToolbar.m */,
				A7B1A0471C97272700FE2115 /* CircleSpinnerView.h */,
				A7B1A0481C97272700FE2115 /* CircleSpinnerView.m */,
				A7B1A04A1C9728F000FE2115 /* LikeButton.h */,
				A7B1A04B1C9728F000FE2115 /* LikeButton.m */,
				A73EFDAC1C9BC4070001AE22 /* ComposeCommentView.h */,
				A73EFDAD1C9BC4070001AE22 /* ComposeCommentView.m */,
				A78DF7F31C727C58006FFCC3 /* Assets.xcassets */,
				A78DF7F51C727C58006FFCC3 /* LaunchScreen.storyboard */,
				A78DF7F81C727C58006FFCC3 /* Info.plist */,
				A78DF81B1C72804D006FFCC3 /* Images */,
				A78DF7E71C727C58006FFCC3 /* Supporting Files */,
			);
			path = Blocstagram;
			sourceTree = "<group>";
		};
		A78DF7E71C727C58006FFCC3 /* Supporting Files */ = {
			isa = PBXGroup;
			children = (
				A78DF7E81C727C58006FFCC3 /* main.m */,
			);
			name = "Supporting Files";
			sourceTree = "<group>";
		};
		A78DF8001C727C58006FFCC3 /* BlocstagramTests */ = {
			isa = PBXGroup;
			children = (
				A78DF8011C727C58006FFCC3 /* BlocstagramTests.m */,
				A78DF8031C727C58006FFCC3 /* Info.plist */,
			);
			path = BlocstagramTests;
			sourceTree = "<group>";
		};
		A78DF80B1C727C58006FFCC3 /* BlocstagramUITests */ = {
			isa = PBXGroup;
			children = (
				A78DF80C1C727C58006FFCC3 /* BlocstagramUITests.m */,
				A78DF80E1C727C58006FFCC3 /* Info.plist */,
			);
			path = BlocstagramUITests;
			sourceTree = "<group>";
		};
		A78DF81B1C72804D006FFCC3 /* Images */ = {
			isa = PBXGroup;
			children = (
				A7B1A0451C97267A00FE2115 /* Images.xcassets */,
				A73EFDAF1C9DC0320001AE22 /* camera.png */,
				A73EFDB01C9DC0320001AE22 /* camera@2x.png */,
				A73EFDB11C9DC0320001AE22 /* camera@3x.png */,
				A73EFDB21C9DC0320001AE22 /* road.png */,
				A73EFDB31C9DC0320001AE22 /* road@2x.png */,
				A73EFDB41C9DC0320001AE22 /* road@3x.png */,
				A73EFDB51C9DC0320001AE22 /* rotate.png */,
				A73EFDB61C9DC0320001AE22 /* rotate@2x.png */,
				A73EFDB71C9DC0320001AE22 /* rotate@3x.png */,
				A73EFDB81C9DC0320001AE22 /* x.png */,
				A73EFDB91C9DC0320001AE22 /* x@2x.png */,
				A73EFDBA1C9DC0320001AE22 /* x@3x.png */,
				A78DF81C1C7280E7006FFCC3 /* 1.jpg */,
				A78DF81D1C7280E7006FFCC3 /* 2.jpg */,
				A78DF81E1C7280E7006FFCC3 /* 3.jpg */,
				A78DF81F1C7280E7006FFCC3 /* 4.jpg */,
				A78DF8201C7280E7006FFCC3 /* 5.jpg */,
				A78DF8211C7280E7006FFCC3 /* 6.jpg */,
				A78DF8221C7280E7006FFCC3 /* 7.jpg */,
				A78DF8231C7280E7006FFCC3 /* 8.jpg */,
				A78DF8241C7280E7006FFCC3 /* 9.jpg */,
				A78DF8251C7280E7006FFCC3 /* 10.jpg */,
			);
			name = Images;
			sourceTree = "<group>";
		};
		E60A0D1DAB0836BADDB13F72 /* Frameworks */ = {
			isa = PBXGroup;
			children = (
				864B33AEDFB7CA750FAF3296 /* libPods.a */,
			);
			name = Frameworks;
			sourceTree = "<group>";
		};
/* End PBXGroup section */

/* Begin PBXNativeTarget section */
		A78DF7E31C727C58006FFCC3 /* Blocstagram */ = {
			isa = PBXNativeTarget;
			buildConfigurationList = A78DF8111C727C58006FFCC3 /* Build configuration list for PBXNativeTarget "Blocstagram" */;
			buildPhases = (
				B0CAA5DFF754DBC463FC4DD9 /* Check Pods Manifest.lock */,
				A78DF7E01C727C58006FFCC3 /* Sources */,
				A78DF7E11C727C58006FFCC3 /* Frameworks */,
				A78DF7E21C727C58006FFCC3 /* Resources */,
				399C7591E145E6677FD48866 /* Embed Pods Frameworks */,
				FC68DF2D5A2E3F0FFDA1281F /* Copy Pods Resources */,
			);
			buildRules = (
			);
			dependencies = (
			);
			name = Blocstagram;
			productName = Blocstagram;
			productReference = A78DF7E41C727C58006FFCC3 /* Blocstagram.app */;
			productType = "com.apple.product-type.application";
		};
		A78DF7FC1C727C58006FFCC3 /* BlocstagramTests */ = {
			isa = PBXNativeTarget;
			buildConfigurationList = A78DF8141C727C58006FFCC3 /* Build configuration list for PBXNativeTarget "BlocstagramTests" */;
			buildPhases = (
				A78DF7F91C727C58006FFCC3 /* Sources */,
				A78DF7FA1C727C58006FFCC3 /* Frameworks */,
				A78DF7FB1C727C58006FFCC3 /* Resources */,
			);
			buildRules = (
			);
			dependencies = (
				A78DF7FF1C727C58006FFCC3 /* PBXTargetDependency */,
			);
			name = BlocstagramTests;
			productName = BlocstagramTests;
			productReference = A78DF7FD1C727C58006FFCC3 /* BlocstagramTests.xctest */;
			productType = "com.apple.product-type.bundle.unit-test";
		};
		A78DF8071C727C58006FFCC3 /* BlocstagramUITests */ = {
			isa = PBXNativeTarget;
			buildConfigurationList = A78DF8171C727C58006FFCC3 /* Build configuration list for PBXNativeTarget "BlocstagramUITests" */;
			buildPhases = (
				A78DF8041C727C58006FFCC3 /* Sources */,
				A78DF8051C727C58006FFCC3 /* Frameworks */,
				A78DF8061C727C58006FFCC3 /* Resources */,
			);
			buildRules = (
			);
			dependencies = (
				A78DF80A1C727C58006FFCC3 /* PBXTargetDependency */,
			);
			name = BlocstagramUITests;
			productName = BlocstagramUITests;
			productReference = A78DF8081C727C58006FFCC3 /* BlocstagramUITests.xctest */;
			productType = "com.apple.product-type.bundle.ui-testing";
		};
/* End PBXNativeTarget section */

/* Begin PBXProject section */
		A78DF7DC1C727C58006FFCC3 /* Project object */ = {
			isa = PBXProject;
			attributes = {
				LastUpgradeCheck = 0720;
				ORGANIZATIONNAME = Bloc;
				TargetAttributes = {
					A78DF7E31C727C58006FFCC3 = {
						CreatedOnToolsVersion = 7.2.1;
					};
					A78DF7FC1C727C58006FFCC3 = {
						CreatedOnToolsVersion = 7.2.1;
						TestTargetID = A78DF7E31C727C58006FFCC3;
					};
					A78DF8071C727C58006FFCC3 = {
						CreatedOnToolsVersion = 7.2.1;
						TestTargetID = A78DF7E31C727C58006FFCC3;
					};
				};
			};
			buildConfigurationList = A78DF7DF1C727C58006FFCC3 /* Build configuration list for PBXProject "Blocstagram" */;
			compatibilityVersion = "Xcode 3.2";
			developmentRegion = English;
			hasScannedForEncodings = 0;
			knownRegions = (
				en,
				Base,
			);
			mainGroup = A78DF7DB1C727C58006FFCC3;
			productRefGroup = A78DF7E51C727C58006FFCC3 /* Products */;
			projectDirPath = "";
			projectRoot = "";
			targets = (
				A78DF7E31C727C58006FFCC3 /* Blocstagram */,
				A78DF7FC1C727C58006FFCC3 /* BlocstagramTests */,
				A78DF8071C727C58006FFCC3 /* BlocstagramUITests */,
			);
		};
/* End PBXProject section */

/* Begin PBXResourcesBuildPhase section */
		A78DF7E21C727C58006FFCC3 /* Resources */ = {
			isa = PBXResourcesBuildPhase;
			buildActionMask = 2147483647;
			files = (
				A73EFDC11C9DC0320001AE22 /* rotate.png in Resources */,
				A78DF82E1C7280E7006FFCC3 /* 9.jpg in Resources */,
				A78DF82D1C7280E7006FFCC3 /* 8.jpg in Resources */,
				A78DF8291C7280E7006FFCC3 /* 4.jpg in Resources */,
				A7B1A0461C97267A00FE2115 /* Images.xcassets in Resources */,
				A73EFDC51C9DC0320001AE22 /* x@2x.png in Resources */,
				A73EFDBD1C9DC0320001AE22 /* camera@3x.png in Resources */,
				A78DF8281C7280E7006FFCC3 /* 3.jpg in Resources */,
				A78DF82B1C7280E7006FFCC3 /* 6.jpg in Resources */,
				A73EFDBE1C9DC0320001AE22 /* road.png in Resources */,
				A78DF8261C7280E7006FFCC3 /* 1.jpg in Resources */,
				A78DF7F71C727C58006FFCC3 /* LaunchScreen.storyboard in Resources */,
				A73EFDC41C9DC0320001AE22 /* x.png in Resources */,
				A73EFDBF1C9DC0320001AE22 /* road@2x.png in Resources */,
				A73EFDBB1C9DC0320001AE22 /* camera.png in Resources */,
				A78DF82A1C7280E7006FFCC3 /* 5.jpg in Resources */,
				A73EFDC31C9DC0320001AE22 /* rotate@3x.png in Resources */,
				A78DF82C1C7280E7006FFCC3 /* 7.jpg in Resources */,
				A73EFDBC1C9DC0320001AE22 /* camera@2x.png in Resources */,
				A73EFDC21C9DC0320001AE22 /* rotate@2x.png in Resources */,
				A78DF8271C7280E7006FFCC3 /* 2.jpg in Resources */,
				A73EFDC61C9DC0320001AE22 /* x@3x.png in Resources */,
				A73EFDC01C9DC0320001AE22 /* road@3x.png in Resources */,
				A78DF82F1C7280E7006FFCC3 /* 10.jpg in Resources */,
				A78DF7F41C727C58006FFCC3 /* Assets.xcassets in Resources */,
			);
			runOnlyForDeploymentPostprocessing = 0;
		};
		A78DF7FB1C727C58006FFCC3 /* Resources */ = {
			isa = PBXResourcesBuildPhase;
			buildActionMask = 2147483647;
			files = (
			);
			runOnlyForDeploymentPostprocessing = 0;
		};
		A78DF8061C727C58006FFCC3 /* Resources */ = {
			isa = PBXResourcesBuildPhase;
			buildActionMask = 2147483647;
			files = (
			);
			runOnlyForDeploymentPostprocessing = 0;
		};
/* End PBXResourcesBuildPhase section */

/* Begin PBXShellScriptBuildPhase section */
		399C7591E145E6677FD48866 /* Embed Pods Frameworks */ = {
			isa = PBXShellScriptBuildPhase;
			buildActionMask = 2147483647;
			files = (
			);
			inputPaths = (
			);
			name = "Embed Pods Frameworks";
			outputPaths = (
			);
			runOnlyForDeploymentPostprocessing = 0;
			shellPath = /bin/sh;
			shellScript = "\"${SRCROOT}/Pods/Target Support Files/Pods/Pods-frameworks.sh\"\n";
			showEnvVarsInLog = 0;
		};
		B0CAA5DFF754DBC463FC4DD9 /* Check Pods Manifest.lock */ = {
			isa = PBXShellScriptBuildPhase;
			buildActionMask = 2147483647;
			files = (
			);
			inputPaths = (
			);
			name = "Check Pods Manifest.lock";
			outputPaths = (
			);
			runOnlyForDeploymentPostprocessing = 0;
			shellPath = /bin/sh;
			shellScript = "diff \"${PODS_ROOT}/../Podfile.lock\" \"${PODS_ROOT}/Manifest.lock\" > /dev/null\nif [[ $? != 0 ]] ; then\n    cat << EOM\nerror: The sandbox is not in sync with the Podfile.lock. Run 'pod install' or update your CocoaPods installation.\nEOM\n    exit 1\nfi\n";
			showEnvVarsInLog = 0;
		};
		FC68DF2D5A2E3F0FFDA1281F /* Copy Pods Resources */ = {
			isa = PBXShellScriptBuildPhase;
			buildActionMask = 2147483647;
			files = (
			);
			inputPaths = (
			);
			name = "Copy Pods Resources";
			outputPaths = (
			);
			runOnlyForDeploymentPostprocessing = 0;
			shellPath = /bin/sh;
			shellScript = "\"${SRCROOT}/Pods/Target Support Files/Pods/Pods-resources.sh\"\n";
			showEnvVarsInLog = 0;
		};
/* End PBXShellScriptBuildPhase section */

/* Begin PBXSourcesBuildPhase section */
		A78DF7E01C727C58006FFCC3 /* Sources */ = {
			isa = PBXSourcesBuildPhase;
			buildActionMask = 2147483647;
			files = (
				A73EFDCC1C9DC2440001AE22 /* CameraViewController.m in Sources */,
				A7CB75191C8891D8003F1716 /* MediaFullScreenViewController.m in Sources */,
				A7B1A0491C97272700FE2115 /* CircleSpinnerView.m in Sources */,
				A78DF8351C73BCEB006FFCC3 /* User.m in Sources */,
				A78DF83B1C73BEA9006FFCC3 /* Comment.m in Sources */,
				A79D6DAD1C74EDAE00A1B078 /* MediaTableViewCell.m in Sources */,
				A78DF8381C73BD7D006FFCC3 /* Media.m in Sources */,
				A73EFDC91C9DC0D00001AE22 /* CameraToolbar.m in Sources */,
				A78DF7EC1C727C58006FFCC3 /* AppDelegate.m in Sources */,
				A7DD47411C7DF3F2000C4955 /* LoginViewController.m in Sources */,
				A7B1A04C1C9728F000FE2115 /* LikeButton.m in Sources */,
				A78DF83E1C73BF26006FFCC3 /* DataSource.m in Sources */,
				A73EFDAE1C9BC4070001AE22 /* ComposeCommentView.m in Sources */,
				A78DF7E91C727C58006FFCC3 /* main.m in Sources */,
				A73EFDCF1C9DCAB10001AE22 /* UIImage+ImageUtilities.m in Sources */,
				A78DF8321C7281E4006FFCC3 /* ImagesTableViewController.m in Sources */,
			);
			runOnlyForDeploymentPostprocessing = 0;
		};
		A78DF7F91C727C58006FFCC3 /* Sources */ = {
			isa = PBXSourcesBuildPhase;
			buildActionMask = 2147483647;
			files = (
				A78DF8021C727C58006FFCC3 /* BlocstagramTests.m in Sources */,
			);
			runOnlyForDeploymentPostprocessing = 0;
		};
		A78DF8041C727C58006FFCC3 /* Sources */ = {
			isa = PBXSourcesBuildPhase;
			buildActionMask = 2147483647;
			files = (
				A78DF80D1C727C58006FFCC3 /* BlocstagramUITests.m in Sources */,
			);
			runOnlyForDeploymentPostprocessing = 0;
		};
/* End PBXSourcesBuildPhase section */

/* Begin PBXTargetDependency section */
		A78DF7FF1C727C58006FFCC3 /* PBXTargetDependency */ = {
			isa = PBXTargetDependency;
			target = A78DF7E31C727C58006FFCC3 /* Blocstagram */;
			targetProxy = A78DF7FE1C727C58006FFCC3 /* PBXContainerItemProxy */;
		};
		A78DF80A1C727C58006FFCC3 /* PBXTargetDependency */ = {
			isa = PBXTargetDependency;
			target = A78DF7E31C727C58006FFCC3 /* Blocstagram */;
			targetProxy = A78DF8091C727C58006FFCC3 /* PBXContainerItemProxy */;
		};
/* End PBXTargetDependency section */

/* Begin PBXVariantGroup section */
		A78DF7F51C727C58006FFCC3 /* LaunchScreen.storyboard */ = {
			isa = PBXVariantGroup;
			children = (
				A78DF7F61C727C58006FFCC3 /* Base */,
			);
			name = LaunchScreen.storyboard;
			sourceTree = "<group>";
		};
/* End PBXVariantGroup section */

/* Begin XCBuildConfiguration section */
		A78DF80F1C727C58006FFCC3 /* Debug */ = {
			isa = XCBuildConfiguration;
			buildSettings = {
				ALWAYS_SEARCH_USER_PATHS = NO;
				CLANG_CXX_LANGUAGE_STANDARD = "gnu++0x";
				CLANG_CXX_LIBRARY = "libc++";
				CLANG_ENABLE_MODULES = YES;
				CLANG_ENABLE_OBJC_ARC = YES;
				CLANG_WARN_BOOL_CONVERSION = YES;
				CLANG_WARN_CONSTANT_CONVERSION = YES;
				CLANG_WARN_DIRECT_OBJC_ISA_USAGE = YES_ERROR;
				CLANG_WARN_EMPTY_BODY = YES;
				CLANG_WARN_ENUM_CONVERSION = YES;
				CLANG_WARN_INT_CONVERSION = YES;
				CLANG_WARN_OBJC_ROOT_CLASS = YES_ERROR;
				CLANG_WARN_UNREACHABLE_CODE = YES;
				CLANG_WARN__DUPLICATE_METHOD_MATCH = YES;
				"CODE_SIGN_IDENTITY[sdk=iphoneos*]" = "iPhone Developer";
				COPY_PHASE_STRIP = NO;
				DEBUG_INFORMATION_FORMAT = dwarf;
				ENABLE_STRICT_OBJC_MSGSEND = YES;
				ENABLE_TESTABILITY = YES;
				GCC_C_LANGUAGE_STANDARD = gnu99;
				GCC_DYNAMIC_NO_PIC = NO;
				GCC_NO_COMMON_BLOCKS = YES;
				GCC_OPTIMIZATION_LEVEL = 0;
				GCC_PREPROCESSOR_DEFINITIONS = (
					"DEBUG=1",
					"$(inherited)",
				);
				GCC_WARN_64_TO_32_BIT_CONVERSION = YES;
				GCC_WARN_ABOUT_RETURN_TYPE = YES_ERROR;
				GCC_WARN_UNDECLARED_SELECTOR = YES;
				GCC_WARN_UNINITIALIZED_AUTOS = YES_AGGRESSIVE;
				GCC_WARN_UNUSED_FUNCTION = YES;
				GCC_WARN_UNUSED_VARIABLE = YES;
				IPHONEOS_DEPLOYMENT_TARGET = 9.2;
				MTL_ENABLE_DEBUG_INFO = YES;
				ONLY_ACTIVE_ARCH = YES;
				SDKROOT = iphoneos;
				TARGETED_DEVICE_FAMILY = "1,2";
			};
			name = Debug;
		};
		A78DF8101C727C58006FFCC3 /* Release */ = {
			isa = XCBuildConfiguration;
			buildSettings = {
				ALWAYS_SEARCH_USER_PATHS = NO;
				CLANG_CXX_LANGUAGE_STANDARD = "gnu++0x";
				CLANG_CXX_LIBRARY = "libc++";
				CLANG_ENABLE_MODULES = YES;
				CLANG_ENABLE_OBJC_ARC = YES;
				CLANG_WARN_BOOL_CONVERSION = YES;
				CLANG_WARN_CONSTANT_CONVERSION = YES;
				CLANG_WARN_DIRECT_OBJC_ISA_USAGE = YES_ERROR;
				CLANG_WARN_EMPTY_BODY = YES;
				CLANG_WARN_ENUM_CONVERSION = YES;
				CLANG_WARN_INT_CONVERSION = YES;
				CLANG_WARN_OBJC_ROOT_CLASS = YES_ERROR;
				CLANG_WARN_UNREACHABLE_CODE = YES;
				CLANG_WARN__DUPLICATE_METHOD_MATCH = YES;
				"CODE_SIGN_IDENTITY[sdk=iphoneos*]" = "iPhone Developer";
				COPY_PHASE_STRIP = NO;
				DEBUG_INFORMATION_FORMAT = "dwarf-with-dsym";
				ENABLE_NS_ASSERTIONS = NO;
				ENABLE_STRICT_OBJC_MSGSEND = YES;
				GCC_C_LANGUAGE_STANDARD = gnu99;
				GCC_NO_COMMON_BLOCKS = YES;
				GCC_WARN_64_TO_32_BIT_CONVERSION = YES;
				GCC_WARN_ABOUT_RETURN_TYPE = YES_ERROR;
				GCC_WARN_UNDECLARED_SELECTOR = YES;
				GCC_WARN_UNINITIALIZED_AUTOS = YES_AGGRESSIVE;
				GCC_WARN_UNUSED_FUNCTION = YES;
				GCC_WARN_UNUSED_VARIABLE = YES;
				IPHONEOS_DEPLOYMENT_TARGET = 9.2;
				MTL_ENABLE_DEBUG_INFO = NO;
				SDKROOT = iphoneos;
				TARGETED_DEVICE_FAMILY = "1,2";
				VALIDATE_PRODUCT = YES;
			};
			name = Release;
		};
		A78DF8121C727C58006FFCC3 /* Debug */ = {
			isa = XCBuildConfiguration;
			baseConfigurationReference = CC472C17889E0EE6BC6AD7F1 /* Pods.debug.xcconfig */;
			buildSettings = {
				ASSETCATALOG_COMPILER_APPICON_NAME = AppIcon;
				INFOPLIST_FILE = Blocstagram/Info.plist;
				LD_RUNPATH_SEARCH_PATHS = "$(inherited) @executable_path/Frameworks";
				PRODUCT_BUNDLE_IDENTIFIER = com.bloc.Blocstagram;
				PRODUCT_NAME = "$(TARGET_NAME)";
			};
			name = Debug;
		};
		A78DF8131C727C58006FFCC3 /* Release */ = {
			isa = XCBuildConfiguration;
			baseConfigurationReference = E056CCCC731D5A9CBB85DED0 /* Pods.release.xcconfig */;
			buildSettings = {
				ASSETCATALOG_COMPILER_APPICON_NAME = AppIcon;
				INFOPLIST_FILE = Blocstagram/Info.plist;
				LD_RUNPATH_SEARCH_PATHS = "$(inherited) @executable_path/Frameworks";
				PRODUCT_BUNDLE_IDENTIFIER = com.bloc.Blocstagram;
				PRODUCT_NAME = "$(TARGET_NAME)";
			};
			name = Release;
		};
		A78DF8151C727C58006FFCC3 /* Debug */ = {
			isa = XCBuildConfiguration;
			buildSettings = {
				BUNDLE_LOADER = "$(TEST_HOST)";
				INFOPLIST_FILE = BlocstagramTests/Info.plist;
				LD_RUNPATH_SEARCH_PATHS = "$(inherited) @executable_path/Frameworks @loader_path/Frameworks";
				PRODUCT_BUNDLE_IDENTIFIER = com.bloc.BlocstagramTests;
				PRODUCT_NAME = "$(TARGET_NAME)";
				TEST_HOST = "$(BUILT_PRODUCTS_DIR)/Blocstagram.app/Blocstagram";
			};
			name = Debug;
		};
		A78DF8161C727C58006FFCC3 /* Release */ = {
			isa = XCBuildConfiguration;
			buildSettings = {
				BUNDLE_LOADER = "$(TEST_HOST)";
				INFOPLIST_FILE = BlocstagramTests/Info.plist;
				LD_RUNPATH_SEARCH_PATHS = "$(inherited) @executable_path/Frameworks @loader_path/Frameworks";
				PRODUCT_BUNDLE_IDENTIFIER = com.bloc.BlocstagramTests;
				PRODUCT_NAME = "$(TARGET_NAME)";
				TEST_HOST = "$(BUILT_PRODUCTS_DIR)/Blocstagram.app/Blocstagram";
			};
			name = Release;
		};
		A78DF8181C727C58006FFCC3 /* Debug */ = {
			isa = XCBuildConfiguration;
			buildSettings = {
				INFOPLIST_FILE = BlocstagramUITests/Info.plist;
				LD_RUNPATH_SEARCH_PATHS = "$(inherited) @executable_path/Frameworks @loader_path/Frameworks";
				PRODUCT_BUNDLE_IDENTIFIER = com.bloc.BlocstagramUITests;
				PRODUCT_NAME = "$(TARGET_NAME)";
				TEST_TARGET_NAME = Blocstagram;
				USES_XCTRUNNER = YES;
			};
			name = Debug;
		};
		A78DF8191C727C58006FFCC3 /* Release */ = {
			isa = XCBuildConfiguration;
			buildSettings = {
				INFOPLIST_FILE = BlocstagramUITests/Info.plist;
				LD_RUNPATH_SEARCH_PATHS = "$(inherited) @executable_path/Frameworks @loader_path/Frameworks";
				PRODUCT_BUNDLE_IDENTIFIER = com.bloc.BlocstagramUITests;
				PRODUCT_NAME = "$(TARGET_NAME)";
				TEST_TARGET_NAME = Blocstagram;
				USES_XCTRUNNER = YES;
			};
			name = Release;
		};
/* End XCBuildConfiguration section */

/* Begin XCConfigurationList section */
		A78DF7DF1C727C58006FFCC3 /* Build configuration list for PBXProject "Blocstagram" */ = {
			isa = XCConfigurationList;
			buildConfigurations = (
				A78DF80F1C727C58006FFCC3 /* Debug */,
				A78DF8101C727C58006FFCC3 /* Release */,
			);
			defaultConfigurationIsVisible = 0;
			defaultConfigurationName = Release;
		};
		A78DF8111C727C58006FFCC3 /* Build configuration list for PBXNativeTarget "Blocstagram" */ = {
			isa = XCConfigurationList;
			buildConfigurations = (
				A78DF8121C727C58006FFCC3 /* Debug */,
				A78DF8131C727C58006FFCC3 /* Release */,
			);
			defaultConfigurationIsVisible = 0;
			defaultConfigurationName = Release;
		};
		A78DF8141C727C58006FFCC3 /* Build configuration list for PBXNativeTarget "BlocstagramTests" */ = {
			isa = XCConfigurationList;
			buildConfigurations = (
				A78DF8151C727C58006FFCC3 /* Debug */,
				A78DF8161C727C58006FFCC3 /* Release */,
			);
			defaultConfigurationIsVisible = 0;
			defaultConfigurationName = Release;
		};
		A78DF8171C727C58006FFCC3 /* Build configuration list for PBXNativeTarget "BlocstagramUITests" */ = {
			isa = XCConfigurationList;
			buildConfigurations = (
				A78DF8181C727C58006FFCC3 /* Debug */,
				A78DF8191C727C58006FFCC3 /* Release */,
			);
			defaultConfigurationIsVisible = 0;
			defaultConfigurationName = Release;
		};
/* End XCConfigurationList section */
	};
	rootObject = A78DF7DC1C727C58006FFCC3 /* Project object */;
}
